{
    "_readme": [
        "This file locks the dependencies of your project to a known state",
        "Read more about it at https://getcomposer.org/doc/01-basic-usage.md#composer-lock-the-lock-file",
        "This file is @generated automatically"
    ],
    "hash": "cfd767edab94b26c41e0b0362b946711",
    "content-hash": "85d25bafc65addc58c38cd3a9def165e",
    "packages": [
        {
            "name": "masterminds/html5",
            "version": "2.6.0",
            "source": {
                "type": "git",
                "url": "https://github.com/Masterminds/html5-php.git",
                "reference": "c961ca6a0a81dc6b55b6859b3f9ea7f402edf9ad"
            },
            "dist": {
                "type": "zip",
                "url": "https://api.github.com/repos/Masterminds/html5-php/zipball/c961ca6a0a81dc6b55b6859b3f9ea7f402edf9ad",
                "reference": "c961ca6a0a81dc6b55b6859b3f9ea7f402edf9ad",
                "shasum": ""
            },
            "require": {
                "ext-ctype": "*",
                "ext-dom": "*",
                "ext-libxml": "*",
                "php": ">=5.3.0"
            },
            "require-dev": {
                "phpunit/phpunit": "^4.8.35",
                "sami/sami": "~2.0",
                "satooshi/php-coveralls": "1.0.*"
            },
            "type": "library",
            "extra": {
                "branch-alias": {
                    "dev-master": "2.6-dev"
                }
            },
            "autoload": {
                "psr-4": {
                    "Masterminds\\": "src"
                }
            },
            "notification-url": "https://packagist.org/downloads/",
            "license": [
                "MIT"
            ],
            "authors": [
                {
                    "name": "Matt Butcher",
                    "email": "technosophos@gmail.com"
                },
                {
                    "name": "Asmir Mustafic",
                    "email": "goetas@gmail.com"
                },
                {
                    "name": "Matt Farina",
                    "email": "matt@mattfarina.com"
                }
            ],
            "description": "An HTML5 parser and serializer.",
            "homepage": "http://masterminds.github.io/html5-php",
            "keywords": [
                "HTML5",
                "dom",
                "html",
                "parser",
                "querypath",
                "serializer",
                "xml"
            ],
            "time": "2019-03-10 11:41:28"
        },
        {
            "name": "mundschenk-at/php-typography",
            "version": "v6.4.3",
            "source": {
                "type": "git",
                "url": "https://github.com/mundschenk-at/php-typography.git",
                "reference": "00b1b11130ffa6437d3a50b6659f415cc55fa609"
            },
            "dist": {
                "type": "zip",
                "url": "https://api.github.com/repos/mundschenk-at/php-typography/zipball/00b1b11130ffa6437d3a50b6659f415cc55fa609",
                "reference": "00b1b11130ffa6437d3a50b6659f415cc55fa609",
                "shasum": ""
            },
            "require": {
                "ext-mbstring": "*",
                "ext-pcre": "*",
                "masterminds/html5": "^2.5.0",
                "php": ">=5.6.0"
            },
            "require-dev": {
                "brain/monkey": "^2.2.0",
                "dealerdirect/phpcodesniffer-composer-installer": "^0.5",
                "ext-curl": "*",
                "phpbench/phpbench": "^0.13||^1.0@dev",
                "phpcompatibility/php-compatibility": "^9.0",
                "phpstan/phpstan": "^0.9",
                "phpunit/phpunit": "5.*||6.*||7.*",
                "squizlabs/php_codesniffer": "^3",
                "wp-coding-standards/wpcs": "^2.0"
            },
            "bin": [
                "src/bin/update-patterns.php",
                "src/bin/update-iana.php"
            ],
            "type": "library",
            "autoload": {
                "classmap": [
                    "src/"
                ]
            },
            "notification-url": "https://packagist.org/downloads/",
            "license": [
                "GPL-2.0-or-later"
            ],
            "authors": [
                {
                    "name": "Peter Putzer",
                    "email": "github@mundschenk.at",
                    "homepage": "https://code.mundschenk.at",
                    "role": "Developer"
                },
                {
                    "name": "Jeffrey D. King",
                    "email": "jeff.king@weathersource.com",
                    "homepage": "http://kingdesk.com",
                    "role": "Original author"
                }
            ],
            "description": "A PHP library for improving your web typography",
            "time": "2019-01-28 23:17:29"
        }
    ],
    "packages-dev": [],
    "aliases": [],
    "minimum-stability": "stable",
    "stability-flags": [],
    "prefer-stable": false,
    "prefer-lowest": false,
    "platform": [],
    "platform-dev": []
}
